{
  "name": "get-canyon",
  "version": "1.0.0",
  "lockfileVersion": 1,
  "requires": true,
  "dependencies": {
    "@sindresorhus/is": {
      "version": "4.0.1",
      "resolved": "https://ridgelineapps.jfrog.io/ridgelineapps/api/npm/ridgelineapps-npm-virtual/@sindresorhus/is/-/is-4.0.1.tgz",
      "integrity": "sha1-0mcp24UPoye3ysxVIiUhlEBCJvU="
    },
    "@szmarczak/http-timer": {
      "version": "4.0.5",
      "resolved": "https://ridgelineapps.jfrog.io/ridgelineapps/api/npm/ridgelineapps-npm-virtual/@szmarczak/http-timer/-/http-timer-4.0.5.tgz",
      "integrity": "sha1-v71QIR6d+lG6B9pYoUzf0zMgUVI=",
      "requires": {
        "defer-to-connect": "^2.0.0"
      }
    },
    "@tootallnate/once": {
      "version": "1.1.2",
      "resolved": "https://ridgelineapps.jfrog.io/ridgelineapps/api/npm/ridgelineapps-npm-virtual/@tootallnate/once/-/once-1.1.2.tgz",
      "integrity": "sha1-zLkURTYBeaBOf+av94wA/8Hur4I="
    },
    "@types/cacheable-request": {
      "version": "6.0.1",
      "resolved": "https://ridgelineapps.jfrog.io/ridgelineapps/api/npm/ridgelineapps-npm-virtual/@types/cacheable-request/-/cacheable-request-6.0.1.tgz",
      "integrity": "sha1-XSLz3e0f06hMC761A5p0GcLJGXY=",
      "requires": {
        "@types/http-cache-semantics": "*",
        "@types/keyv": "*",
        "@types/node": "*",
        "@types/responselike": "*"
      }
    },
    "@types/http-cache-semantics": {
      "version": "4.0.0",
      "resolved": "https://ridgelineapps.jfrog.io/ridgelineapps/api/npm/ridgelineapps-npm-virtual/@types/http-cache-semantics/-/http-cache-semantics-4.0.0.tgz",
      "integrity": "sha1-kUB3lzaqJlVjXudW4kZ9eHz+iio="
    },
    "@types/keyv": {
      "version": "3.1.1",
      "resolved": "https://ridgelineapps.jfrog.io/ridgelineapps/api/npm/ridgelineapps-npm-virtual/@types/keyv/-/keyv-3.1.1.tgz",
      "integrity": "sha1-5FpFMk/KnatxarEjDuJJyftSz6c=",
      "requires": {
        "@types/node": "*"
      }
    },
    "@types/node": {
      "version": "15.12.1",
      "resolved": "https://ridgelineapps.jfrog.io/ridgelineapps/api/npm/ridgelineapps-npm-virtual/@types/node/-/node-15.12.1.tgz",
      "integrity": "sha1-m2B5fe4YlTg6cl+CioachsbKpcI="
    },
    "@types/responselike": {
      "version": "1.0.0",
      "resolved": "https://ridgelineapps.jfrog.io/ridgelineapps/api/npm/ridgelineapps-npm-virtual/@types/responselike/-/responselike-1.0.0.tgz",
      "integrity": "sha1-JR9P59FU0rrRJavhtCmyOv0mLik=",
      "requires": {
        "@types/node": "*"
      }
    },
    "abab": {
      "version": "2.0.5",
      "resolved": "https://ridgelineapps.jfrog.io/ridgelineapps/api/npm/ridgelineapps-npm-virtual/abab/-/abab-2.0.5.tgz",
      "integrity": "sha1-wLZ4+zLWD8EhnHhNaoJv44Wut5o="
    },
    "acorn": {
      "version": "8.3.0",
      "resolved": "https://ridgelineapps.jfrog.io/ridgelineapps/api/npm/ridgelineapps-npm-virtual/acorn/-/acorn-8.3.0.tgz",
      "integrity": "sha1-EZP5uWxOgjLwCxGp7f+Bssi5i4g="
    },
    "acorn-globals": {
      "version": "6.0.0",
      "resolved": "https://ridgelineapps.jfrog.io/ridgelineapps/api/npm/ridgelineapps-npm-virtual/acorn-globals/-/acorn-globals-6.0.0.tgz",
      "integrity": "sha1-Rs3Tnw+P8IqHZhm1X1rIptx3C0U=",
      "requires": {
        "acorn": "^7.1.1",
        "acorn-walk": "^7.1.1"
      },
      "dependencies": {
        "acorn": {
          "version": "7.4.1",
          "resolved": "https://ridgelineapps.jfrog.io/ridgelineapps/api/npm/ridgelineapps-npm-virtual/acorn/-/acorn-7.4.1.tgz",
          "integrity": "sha1-/q7SVZc9LndVW4PbwIhRpsY1IPo="
        }
      }
    },
    "acorn-walk": {
      "version": "7.2.0",
      "resolved": "https://ridgelineapps.jfrog.io/ridgelineapps/api/npm/ridgelineapps-npm-virtual/acorn-walk/-/acorn-walk-7.2.0.tgz",
      "integrity": "sha1-DeiJpgEgOQmw++B7iTjcIdLpZ7w="
    },
    "agent-base": {
      "version": "6.0.2",
      "resolved": "https://ridgelineapps.jfrog.io/ridgelineapps/api/npm/ridgelineapps-npm-virtual/agent-base/-/agent-base-6.0.2.tgz",
      "integrity": "sha1-Sf/1hXfP7j83F2/qtMIuAPhtf3c=",
      "requires": {
        "debug": "4"
      }
    },
    "asynckit": {
      "version": "0.4.0",
      "resolved": "https://ridgelineapps.jfrog.io/ridgelineapps/api/npm/ridgelineapps-npm-virtual/asynckit/-/asynckit-0.4.0.tgz",
      "integrity": "sha1-x57Zf380y48robyXkLzDZkdLS3k="
    },
    "browser-process-hrtime": {
      "version": "1.0.0",
      "resolved": "https://ridgelineapps.jfrog.io/ridgelineapps/api/npm/ridgelineapps-npm-virtual/browser-process-hrtime/-/browser-process-hrtime-1.0.0.tgz",
      "integrity": "sha1-PJtLfXgsgSHlbxAQbYTA0P/JRiY="
    },
    "cacheable-lookup": {
      "version": "5.0.4",
      "resolved": "https://ridgelineapps.jfrog.io/ridgelineapps/api/npm/ridgelineapps-npm-virtual/cacheable-lookup/-/cacheable-lookup-5.0.4.tgz",
      "integrity": "sha1-WmuGWyxENXvj1evCpGewMnGacAU="
    },
    "cacheable-request": {
      "version": "7.0.1",
      "resolved": "https://ridgelineapps.jfrog.io/ridgelineapps/api/npm/ridgelineapps-npm-virtual/cacheable-request/-/cacheable-request-7.0.1.tgz",
      "integrity": "sha1-BiAxwoViMngu1pSiV/o12pOUKlg=",
      "requires": {
        "clone-response": "^1.0.2",
        "get-stream": "^5.1.0",
        "http-cache-semantics": "^4.0.0",
        "keyv": "^4.0.0",
        "lowercase-keys": "^2.0.0",
        "normalize-url": "^4.1.0",
        "responselike": "^2.0.0"
      }
    },
    "clone-response": {
      "version": "1.0.2",
      "resolved": "https://ridgelineapps.jfrog.io/ridgelineapps/api/npm/ridgelineapps-npm-virtual/clone-response/-/clone-response-1.0.2.tgz",
      "integrity": "sha1-0dyXOSAxTfZ/vrlCI7TuNQI56Ws=",
      "requires": {
        "mimic-response": "^1.0.0"
      }
    },
    "combined-stream": {
      "version": "1.0.8",
      "resolved": "https://ridgelineapps.jfrog.io/ridgelineapps/api/npm/ridgelineapps-npm-virtual/combined-stream/-/combined-stream-1.0.8.tgz",
      "integrity": "sha1-w9RaizT9cwYxoRCoolIGgrMdWn8=",
      "requires": {
        "delayed-stream": "~1.0.0"
      }
    },
    "cssom": {
      "version": "0.4.4",
      "resolved": "https://ridgelineapps.jfrog.io/ridgelineapps/api/npm/ridgelineapps-npm-virtual/cssom/-/cssom-0.4.4.tgz",
      "integrity": "sha1-WmbPk9LQtmHYC/akT7ZfXC5OChA="
    },
    "cssstyle": {
      "version": "2.3.0",
      "resolved": "https://ridgelineapps.jfrog.io/ridgelineapps/api/npm/ridgelineapps-npm-virtual/cssstyle/-/cssstyle-2.3.0.tgz",
      "integrity": "sha1-/2ZaDdvcMYZLCWR/NBY0Q9kLCFI=",
      "requires": {
        "cssom": "~0.3.6"
      },
      "dependencies": {
        "cssom": {
          "version": "0.3.8",
          "resolved": "https://ridgelineapps.jfrog.io/ridgelineapps/api/npm/ridgelineapps-npm-virtual/cssom/-/cssom-0.3.8.tgz",
          "integrity": "sha1-nxJ29bK0Y/IRTT8sdSUK+MGjb0o="
        }
      }
    },
    "data-urls": {
      "version": "2.0.0",
      "resolved": "https://ridgelineapps.jfrog.io/ridgelineapps/api/npm/ridgelineapps-npm-virtual/data-urls/-/data-urls-2.0.0.tgz",
      "integrity": "sha1-FWSFpyljqXD11YIar2Qr7yvy25s=",
      "requires": {
        "abab": "^2.0.3",
        "whatwg-mimetype": "^2.3.0",
        "whatwg-url": "^8.0.0"
      }
    },
    "debug": {
      "version": "4.3.1",
      "resolved": "https://ridgelineapps.jfrog.io/ridgelineapps/api/npm/ridgelineapps-npm-virtual/debug/-/debug-4.3.1.tgz",
      "integrity": "sha1-8NIpxQXgxtjEmsVT0bE9wYP2su4=",
      "requires": {
        "ms": "2.1.2"
      }
    },
    "decimal.js": {
      "version": "10.2.1",
      "resolved": "https://ridgelineapps.jfrog.io/ridgelineapps/api/npm/ridgelineapps-npm-virtual/decimal.js/-/decimal.js-10.2.1.tgz",
      "integrity": "sha1-I4rnsPDHk9PjzqQQEIs1osAUJqM="
    },
    "decompress-response": {
      "version": "6.0.0",
      "resolved": "https://ridgelineapps.jfrog.io/ridgelineapps/api/npm/ridgelineapps-npm-virtual/decompress-response/-/decompress-response-6.0.0.tgz",
      "integrity": "sha1-yjh2Et234QS9FthaqwDV7PCcZvw=",
      "requires": {
        "mimic-response": "^3.1.0"
      },
      "dependencies": {
        "mimic-response": {
          "version": "3.1.0",
          "resolved": "https://ridgelineapps.jfrog.io/ridgelineapps/api/npm/ridgelineapps-npm-virtual/mimic-response/-/mimic-response-3.1.0.tgz",
          "integrity": "sha1-LR1Zr5wbEpgVrMwsRqAipc4fo8k="
        }
      }
    },
    "deep-is": {
      "version": "0.1.3",
      "resolved": "https://ridgelineapps.jfrog.io/ridgelineapps/api/npm/ridgelineapps-npm-virtual/deep-is/-/deep-is-0.1.3.tgz",
      "integrity": "sha1-s2nW+128E+7PUk+RsHD+7cNXzzQ="
    },
    "defer-to-connect": {
      "version": "2.0.1",
      "resolved": "https://ridgelineapps.jfrog.io/ridgelineapps/api/npm/ridgelineapps-npm-virtual/defer-to-connect/-/defer-to-connect-2.0.1.tgz",
      "integrity": "sha1-gBa9tBQ+RjK3ejRJxiNid95SBYc="
    },
    "delayed-stream": {
      "version": "1.0.0",
      "resolved": "https://ridgelineapps.jfrog.io/ridgelineapps/api/npm/ridgelineapps-npm-virtual/delayed-stream/-/delayed-stream-1.0.0.tgz",
      "integrity": "sha1-3zrhmayt+31ECqrgsp4icrJOxhk="
    },
    "domexception": {
      "version": "2.0.1",
      "resolved": "https://ridgelineapps.jfrog.io/ridgelineapps/api/npm/ridgelineapps-npm-virtual/domexception/-/domexception-2.0.1.tgz",
      "integrity": "sha1-+0Su+6eT4VdLCvau0oAdBXUp8wQ=",
      "requires": {
        "webidl-conversions": "^5.0.0"
      },
      "dependencies": {
        "webidl-conversions": {
          "version": "5.0.0",
          "resolved": "https://ridgelineapps.jfrog.io/ridgelineapps/api/npm/ridgelineapps-npm-virtual/webidl-conversions/-/webidl-conversions-5.0.0.tgz",
          "integrity": "sha1-rlnIoAsSFUOirMZcBDT1ew/BGv8="
        }
      }
    },
    "end-of-stream": {
      "version": "1.4.4",
      "resolved": "https://ridgelineapps.jfrog.io/ridgelineapps/api/npm/ridgelineapps-npm-virtual/end-of-stream/-/end-of-stream-1.4.4.tgz",
      "integrity": "sha1-WuZKX0UFe682JuwU2gyl5LJDHrA=",
      "requires": {
        "once": "^1.4.0"
      }
    },
    "escodegen": {
      "version": "2.0.0",
      "resolved": "https://ridgelineapps.jfrog.io/ridgelineapps/api/npm/ridgelineapps-npm-virtual/escodegen/-/escodegen-2.0.0.tgz",
      "integrity": "sha1-XjKxKDPoqo+jXhvwvvqJOASEx90=",
      "requires": {
        "esprima": "^4.0.1",
        "estraverse": "^5.2.0",
        "esutils": "^2.0.2",
        "optionator": "^0.8.1",
        "source-map": "~0.6.1"
      }
    },
    "esprima": {
      "version": "4.0.1",
      "resolved": "https://ridgelineapps.jfrog.io/ridgelineapps/api/npm/ridgelineapps-npm-virtual/esprima/-/esprima-4.0.1.tgz",
      "integrity": "sha1-E7BM2z5sXRnfkatph6hpVhmwqnE="
    },
    "estraverse": {
      "version": "5.2.0",
      "resolved": "https://ridgelineapps.jfrog.io/ridgelineapps/api/npm/ridgelineapps-npm-virtual/estraverse/-/estraverse-5.2.0.tgz",
      "integrity": "sha1-MH30JUfmzHMk088DwVXVzbjFOIA="
    },
    "esutils": {
      "version": "2.0.3",
      "resolved": "https://ridgelineapps.jfrog.io/ridgelineapps/api/npm/ridgelineapps-npm-virtual/esutils/-/esutils-2.0.3.tgz",
      "integrity": "sha1-dNLrTeC42hKTcRkQ1Qd1ubcQ72Q="
    },
    "fast-levenshtein": {
      "version": "2.0.6",
      "resolved": "https://ridgelineapps.jfrog.io/ridgelineapps/api/npm/ridgelineapps-npm-virtual/fast-levenshtein/-/fast-levenshtein-2.0.6.tgz",
      "integrity": "sha1-PYpcZog6FqMMqGQ+hR8Zuqd5eRc="
    },
    "form-data": {
      "version": "3.0.1",
      "resolved": "https://ridgelineapps.jfrog.io/ridgelineapps/api/npm/ridgelineapps-npm-virtual/form-data/-/form-data-3.0.1.tgz",
      "integrity": "sha1-69U3kbeDVqma+aMA1CgsTV65dV8=",
      "requires": {
        "asynckit": "^0.4.0",
        "combined-stream": "^1.0.8",
        "mime-types": "^2.1.12"
      }
    },
    "get-stream": {
      "version": "5.2.0",
      "resolved": "https://ridgelineapps.jfrog.io/ridgelineapps/api/npm/ridgelineapps-npm-virtual/get-stream/-/get-stream-5.2.0.tgz",
      "integrity": "sha1-SWaheV7lrOZecGxLe+txJX1uItM=",
      "requires": {
        "pump": "^3.0.0"
      }
    },
    "got": {
      "version": "11.8.2",
      "resolved": "https://ridgelineapps.jfrog.io/ridgelineapps/api/npm/ridgelineapps-npm-virtual/got/-/got-11.8.2.tgz",
      "integrity": "sha1-ers5Weoowx81dvFXbB7/ziPzNZk=",
      "requires": {
        "@sindresorhus/is": "^4.0.0",
        "@szmarczak/http-timer": "^4.0.5",
        "@types/cacheable-request": "^6.0.1",
        "@types/responselike": "^1.0.0",
        "cacheable-lookup": "^5.0.3",
        "cacheable-request": "^7.0.1",
        "decompress-response": "^6.0.0",
        "http2-wrapper": "^1.0.0-beta.5.2",
        "lowercase-keys": "^2.0.0",
        "p-cancelable": "^2.0.0",
        "responselike": "^2.0.0"
      }
    },
    "growly": {
      "version": "1.3.0",
      "resolved": "https://ridgelineapps.jfrog.io/ridgelineapps/api/npm/ridgelineapps-npm-virtual/growly/-/growly-1.3.0.tgz",
      "integrity": "sha1-8QdIy+dq+WS3yWyTxrzCivEgwIE="
    },
    "html-encoding-sniffer": {
      "version": "2.0.1",
      "resolved": "https://ridgelineapps.jfrog.io/ridgelineapps/api/npm/ridgelineapps-npm-virtual/html-encoding-sniffer/-/html-encoding-sniffer-2.0.1.tgz",
      "integrity": "sha1-QqbcT9M/ACgRduiyN1nKTk+hhfM=",
      "requires": {
        "whatwg-encoding": "^1.0.5"
      }
    },
    "http-cache-semantics": {
      "version": "4.1.0",
      "resolved": "https://ridgelineapps.jfrog.io/ridgelineapps/api/npm/ridgelineapps-npm-virtual/http-cache-semantics/-/http-cache-semantics-4.1.0.tgz",
      "integrity": "sha1-SekcXL82yblLz81xwj1SSex045A="
    },
    "http-proxy-agent": {
      "version": "4.0.1",
      "resolved": "https://ridgelineapps.jfrog.io/ridgelineapps/api/npm/ridgelineapps-npm-virtual/http-proxy-agent/-/http-proxy-agent-4.0.1.tgz",
      "integrity": "sha1-ioyO9/WTLM+VPClsqCkblap0qjo=",
      "requires": {
        "@tootallnate/once": "1",
        "agent-base": "6",
        "debug": "4"
      }
    },
    "http2-wrapper": {
      "version": "1.0.3",
      "resolved": "https://ridgelineapps.jfrog.io/ridgelineapps/api/npm/ridgelineapps-npm-virtual/http2-wrapper/-/http2-wrapper-1.0.3.tgz",
      "integrity": "sha1-uPVeDB8l1OvQizsMLAeflZCACz0=",
      "requires": {
        "quick-lru": "^5.1.1",
        "resolve-alpn": "^1.0.0"
      }
    },
    "https-proxy-agent": {
      "version": "5.0.0",
      "resolved": "https://ridgelineapps.jfrog.io/ridgelineapps/api/npm/ridgelineapps-npm-virtual/https-proxy-agent/-/https-proxy-agent-5.0.0.tgz",
      "integrity": "sha1-4qkFQqu2inYuCghQ9sntrf2FBrI=",
      "requires": {
        "agent-base": "6",
        "debug": "4"
      }
    },
    "iconv-lite": {
      "version": "0.4.24",
      "resolved": "https://ridgelineapps.jfrog.io/ridgelineapps/api/npm/ridgelineapps-npm-virtual/iconv-lite/-/iconv-lite-0.4.24.tgz",
      "integrity": "sha1-ICK0sl+93CHS9SSXSkdKr+czkIs=",
      "requires": {
        "safer-buffer": ">= 2.1.2 < 3"
      }
    },
    "is-docker": {
      "version": "2.2.1",
      "resolved": "https://ridgelineapps.jfrog.io/ridgelineapps/api/npm/ridgelineapps-npm-virtual/is-docker/-/is-docker-2.2.1.tgz",
      "integrity": "sha1-M+6r4jz+hvFL3kQIoCwM+4U6zao="
    },
    "is-potential-custom-element-name": {
      "version": "1.0.1",
      "resolved": "https://ridgelineapps.jfrog.io/ridgelineapps/api/npm/ridgelineapps-npm-virtual/is-potential-custom-element-name/-/is-potential-custom-element-name-1.0.1.tgz",
      "integrity": "sha1-Fx7W8Z46xVQ5Tt94yqBXhKRb67U="
    },
    "is-wsl": {
      "version": "2.2.0",
      "resolved": "https://ridgelineapps.jfrog.io/ridgelineapps/api/npm/ridgelineapps-npm-virtual/is-wsl/-/is-wsl-2.2.0.tgz",
      "integrity": "sha1-dKTHbnfKn9P5MvKQwX6jJs0VcnE=",
      "requires": {
        "is-docker": "^2.0.0"
      }
    },
    "isexe": {
      "version": "2.0.0",
      "resolved": "https://ridgelineapps.jfrog.io/ridgelineapps/api/npm/ridgelineapps-npm-virtual/isexe/-/isexe-2.0.0.tgz",
      "integrity": "sha1-6PvzdNxVb/iUehDcsFctYz8s+hA="
    },
    "jsdom": {
      "version": "16.6.0",
      "resolved": "https://ridgelineapps.jfrog.io/ridgelineapps/api/npm/ridgelineapps-npm-virtual/jsdom/-/jsdom-16.6.0.tgz",
      "integrity": "sha1-95s3hmggZUkqPaamCkaV2pg4Baw=",
      "requires": {
        "abab": "^2.0.5",
        "acorn": "^8.2.4",
        "acorn-globals": "^6.0.0",
        "cssom": "^0.4.4",
        "cssstyle": "^2.3.0",
        "data-urls": "^2.0.0",
        "decimal.js": "^10.2.1",
        "domexception": "^2.0.1",
        "escodegen": "^2.0.0",
        "form-data": "^3.0.0",
        "html-encoding-sniffer": "^2.0.1",
        "http-proxy-agent": "^4.0.1",
        "https-proxy-agent": "^5.0.0",
        "is-potential-custom-element-name": "^1.0.1",
        "nwsapi": "^2.2.0",
        "parse5": "6.0.1",
        "saxes": "^5.0.1",
        "symbol-tree": "^3.2.4",
        "tough-cookie": "^4.0.0",
        "w3c-hr-time": "^1.0.2",
        "w3c-xmlserializer": "^2.0.0",
        "webidl-conversions": "^6.1.0",
        "whatwg-encoding": "^1.0.5",
        "whatwg-mimetype": "^2.3.0",
        "whatwg-url": "^8.5.0",
        "ws": "^7.4.5",
        "xml-name-validator": "^3.0.0"
      }
    },
    "json-buffer": {
      "version": "3.0.1",
      "resolved": "https://ridgelineapps.jfrog.io/ridgelineapps/api/npm/ridgelineapps-npm-virtual/json-buffer/-/json-buffer-3.0.1.tgz",
      "integrity": "sha1-kziAKjDTtmBfvgYT4JQAjKjAWhM="
    },
    "keyv": {
      "version": "4.0.3",
      "resolved": "https://ridgelineapps.jfrog.io/ridgelineapps/api/npm/ridgelineapps-npm-virtual/keyv/-/keyv-4.0.3.tgz",
      "integrity": "sha1-TzqpjeJUgDyvzSiWc0EI2qNeQlQ=",
      "requires": {
        "json-buffer": "3.0.1"
      }
    },
    "levn": {
      "version": "0.3.0",
      "resolved": "https://ridgelineapps.jfrog.io/ridgelineapps/api/npm/ridgelineapps-npm-virtual/levn/-/levn-0.3.0.tgz",
      "integrity": "sha1-OwmSTt+fCDwEkP3UwLxEIeBHZO4=",
      "requires": {
        "prelude-ls": "~1.1.2",
        "type-check": "~0.3.2"
      }
    },
    "lodash": {
      "version": "4.17.21",
      "resolved": "https://ridgelineapps.jfrog.io/ridgelineapps/api/npm/ridgelineapps-npm-virtual/lodash/-/lodash-4.17.21.tgz",
      "integrity": "sha1-Z5WRxWTDv/quhFTPCz3zcMPWkRw="
    },
    "lowercase-keys": {
      "version": "2.0.0",
      "resolved": "https://ridgelineapps.jfrog.io/ridgelineapps/api/npm/ridgelineapps-npm-virtual/lowercase-keys/-/lowercase-keys-2.0.0.tgz",
      "integrity": "sha1-JgPni3tLAAbLyi+8yKMgJVislHk="
    },
    "lru-cache": {
      "version": "6.0.0",
      "resolved": "https://ridgelineapps.jfrog.io/ridgelineapps/api/npm/ridgelineapps-npm-virtual/lru-cache/-/lru-cache-6.0.0.tgz",
      "integrity": "sha1-bW/mVw69lqr5D8rR2vo7JWbbOpQ=",
      "requires": {
        "yallist": "^4.0.0"
      }
    },
    "mime-db": {
      "version": "1.48.0",
      "resolved": "https://ridgelineapps.jfrog.io/ridgelineapps/api/npm/ridgelineapps-npm-virtual/mime-db/-/mime-db-1.48.0.tgz",
      "integrity": "sha1-41sxBF3X6to6qtU37YijOvvvLR0="
    },
    "mime-types": {
      "version": "2.1.31",
      "resolved": "https://ridgelineapps.jfrog.io/ridgelineapps/api/npm/ridgelineapps-npm-virtual/mime-types/-/mime-types-2.1.31.tgz",
      "integrity": "sha1-oA12t0MXxh+cLbIhi46fjpxcnms=",
      "requires": {
        "mime-db": "1.48.0"
      }
    },
    "mimic-response": {
      "version": "1.0.1",
      "resolved": "https://ridgelineapps.jfrog.io/ridgelineapps/api/npm/ridgelineapps-npm-virtual/mimic-response/-/mimic-response-1.0.1.tgz",
      "integrity": "sha1-SSNTiHju9CBjy4o+OweYeBSHqxs="
    },
    "moment": {
      "version": "2.29.1",
      "resolved": "https://ridgelineapps.jfrog.io/ridgelineapps/api/npm/ridgelineapps-npm-virtual/moment/-/moment-2.29.1.tgz",
      "integrity": "sha1-sr52n6MZQL6e7qZGnAdeNQBvo9M="
    },
    "moment-timezone": {
      "version": "0.5.33",
      "resolved": "https://ridgelineapps.jfrog.io/ridgelineapps/api/npm/ridgelineapps-npm-virtual/moment-timezone/-/moment-timezone-0.5.33.tgz",
      "integrity": "sha1-slL9a7V/NBybWaWrYajlGnO70iw=",
      "requires": {
        "moment": ">= 2.9.0"
      }
    },
    "ms": {
      "version": "2.1.2",
      "resolved": "https://ridgelineapps.jfrog.io/ridgelineapps/api/npm/ridgelineapps-npm-virtual/ms/-/ms-2.1.2.tgz",
      "integrity": "sha1-0J0fNXtEP0kzgqjrPM0YOHKuYAk="
    },
    "node-cron": {
      "version": "3.0.0",
      "resolved": "https://ridgelineapps.jfrog.io/ridgelineapps/api/npm/ridgelineapps-npm-virtual/node-cron/-/node-cron-3.0.0.tgz",
      "integrity": "sha1-szJSgD5DD5zYWQz4VzjvoUl6lSI=",
      "requires": {
        "moment-timezone": "^0.5.31"
      }
    },
    "node-notifier": {
      "version": "10.0.0",
      "resolved": "https://ridgelineapps.jfrog.io/ridgelineapps/api/npm/ridgelineapps-npm-virtual/node-notifier/-/node-notifier-10.0.0.tgz",
      "integrity": "sha1-k8FUBVsHtVCjOhlmobESkcIRPmk=",
      "requires": {
        "growly": "^1.3.0",
        "is-wsl": "^2.2.0",
        "semver": "^7.3.5",
        "shellwords": "^0.1.1",
        "uuid": "^8.3.2",
        "which": "^2.0.2"
      }
    },
    "normalize-url": {
      "version": "4.5.1",
      "resolved": "https://ridgelineapps.jfrog.io/ridgelineapps/api/npm/ridgelineapps-npm-virtual/normalize-url/-/normalize-url-4.5.1.tgz",
      "integrity": "sha1-DdkM8SiO4dExO4cIHJpZMu5IUYo="
    },
    "nwsapi": {
      "version": "2.2.0",
      "resolved": "https://ridgelineapps.jfrog.io/ridgelineapps/api/npm/ridgelineapps-npm-virtual/nwsapi/-/nwsapi-2.2.0.tgz",
      "integrity": "sha1-IEh5qePQaP8qVROcLHcngGgaOLc="
    },
    "once": {
      "version": "1.4.0",
      "resolved": "https://ridgelineapps.jfrog.io/ridgelineapps/api/npm/ridgelineapps-npm-virtual/once/-/once-1.4.0.tgz",
      "integrity": "sha1-WDsap3WWHUsROsF9nFC6753Xa9E=",
      "requires": {
        "wrappy": "1"
      }
    },
    "optionator": {
      "version": "0.8.3",
      "resolved": "https://ridgelineapps.jfrog.io/ridgelineapps/api/npm/ridgelineapps-npm-virtual/optionator/-/optionator-0.8.3.tgz",
      "integrity": "sha1-hPodA2/p08fiHZmIS2ARZ+yPtJU=",
      "requires": {
        "deep-is": "~0.1.3",
        "fast-levenshtein": "~2.0.6",
        "levn": "~0.3.0",
        "prelude-ls": "~1.1.2",
        "type-check": "~0.3.2",
        "word-wrap": "~1.2.3"
      }
    },
    "p-cancelable": {
      "version": "2.1.1",
      "resolved": "https://ridgelineapps.jfrog.io/ridgelineapps/api/npm/ridgelineapps-npm-virtual/p-cancelable/-/p-cancelable-2.1.1.tgz",
      "integrity": "sha1-qrf71BZYL6MqPbSYWcEiSHxe0s8="
    },
    "parse5": {
      "version": "6.0.1",
      "resolved": "https://ridgelineapps.jfrog.io/ridgelineapps/api/npm/ridgelineapps-npm-virtual/parse5/-/parse5-6.0.1.tgz",
      "integrity": "sha1-4aHAhcVps9wIMhGE8Zo5zCf3wws="
    },
    "prelude-ls": {
      "version": "1.1.2",
      "resolved": "https://ridgelineapps.jfrog.io/ridgelineapps/api/npm/ridgelineapps-npm-virtual/prelude-ls/-/prelude-ls-1.1.2.tgz",
      "integrity": "sha1-IZMqVJ9eUv/ZqCf1cOBL5iqX2lQ="
    },
    "prettier": {
      "version": "2.3.1",
      "resolved": "https://ridgelineapps.jfrog.io/ridgelineapps/api/npm/ridgelineapps-npm-virtual/prettier/-/prettier-2.3.1.tgz",
      "integrity": "sha1-dpA8P4xESbyaxZes76JNxa1MvqY="
    },
    "psl": {
      "version": "1.8.0",
      "resolved": "https://ridgelineapps.jfrog.io/ridgelineapps/api/npm/ridgelineapps-npm-virtual/psl/-/psl-1.8.0.tgz",
      "integrity": "sha1-kyb4vPsBOtzABf3/BWrM4CDlHCQ="
    },
    "pump": {
      "version": "3.0.0",
      "resolved": "https://ridgelineapps.jfrog.io/ridgelineapps/api/npm/ridgelineapps-npm-virtual/pump/-/pump-3.0.0.tgz",
      "integrity": "sha1-tKIRaBW94vTh6mAjVOjHVWUQemQ=",
      "requires": {
        "end-of-stream": "^1.1.0",
        "once": "^1.3.1"
      }
    },
    "punycode": {
      "version": "2.1.1",
      "resolved": "https://ridgelineapps.jfrog.io/ridgelineapps/api/npm/ridgelineapps-npm-virtual/punycode/-/punycode-2.1.1.tgz",
      "integrity": "sha1-tYsBCsQMIsVldhbI0sLALHv0eew="
    },
    "quick-lru": {
      "version": "5.1.1",
      "resolved": "https://ridgelineapps.jfrog.io/ridgelineapps/api/npm/ridgelineapps-npm-virtual/quick-lru/-/quick-lru-5.1.1.tgz",
      "integrity": "sha1-NmST5rPkKjpoheLpnRj4D7eoyTI="
    },
    "resolve-alpn": {
      "version": "1.1.2",
      "resolved": "https://ridgelineapps.jfrog.io/ridgelineapps/api/npm/ridgelineapps-npm-virtual/resolve-alpn/-/resolve-alpn-1.1.2.tgz",
      "integrity": "sha1-MLYM+7DAuNyJeUD+E/4lWvzdTSg="
    },
    "responselike": {
      "version": "2.0.0",
      "resolved": "https://ridgelineapps.jfrog.io/ridgelineapps/api/npm/ridgelineapps-npm-virtual/responselike/-/responselike-2.0.0.tgz",
      "integrity": "sha1-JjkbzDF091D5p56sxAoSpcQtdyM=",
      "requires": {
        "lowercase-keys": "^2.0.0"
      }
    },
    "safer-buffer": {
      "version": "2.1.2",
      "resolved": "https://ridgelineapps.jfrog.io/ridgelineapps/api/npm/ridgelineapps-npm-virtual/safer-buffer/-/safer-buffer-2.1.2.tgz",
      "integrity": "sha1-RPoWGwGHuVSd2Eu5GAL5vYOFzWo="
    },
    "saxes": {
      "version": "5.0.1",
      "resolved": "https://ridgelineapps.jfrog.io/ridgelineapps/api/npm/ridgelineapps-npm-virtual/saxes/-/saxes-5.0.1.tgz",
      "integrity": "sha1-7rq5U/o7dgjb6U5drbFciI+maW0=",
      "requires": {
        "xmlchars": "^2.2.0"
      }
    },
    "semver": {
      "version": "7.3.5",
      "resolved": "https://ridgelineapps.jfrog.io/ridgelineapps/api/npm/ridgelineapps-npm-virtual/semver/-/semver-7.3.5.tgz",
      "integrity": "sha1-C2Ich5NI2JmOSw5L6Us/EuYBjvc=",
      "requires": {
        "lru-cache": "^6.0.0"
      }
    },
    "shellwords": {
      "version": "0.1.1",
      "resolved": "https://ridgelineapps.jfrog.io/ridgelineapps/api/npm/ridgelineapps-npm-virtual/shellwords/-/shellwords-0.1.1.tgz",
      "integrity": "sha1-1rkYHBpI05cyTISHHvvPxz/AZUs="
    },
    "source-map": {
      "version": "0.6.1",
      "resolved": "https://ridgelineapps.jfrog.io/ridgelineapps/api/npm/ridgelineapps-npm-virtual/source-map/-/source-map-0.6.1.tgz",
      "integrity": "sha1-dHIq8y6WFOnCh6jQu95IteLxomM=",
      "optional": true
    },
    "symbol-tree": {
      "version": "3.2.4",
      "resolved": "https://ridgelineapps.jfrog.io/ridgelineapps/api/npm/ridgelineapps-npm-virtual/symbol-tree/-/symbol-tree-3.2.4.tgz",
      "integrity": "sha1-QwY30ki6d+B4iDlR+5qg7tfGP6I="
    },
    "terminal-notifier": {
      "version": "0.1.2",
      "resolved": "https://ridgelineapps.jfrog.io/ridgelineapps/api/npm/ridgelineapps-npm-virtual/terminal-notifier/-/terminal-notifier-0.1.2.tgz",
      "integrity": "sha1-fcXlw8DIvlp7IXCP/NTXm+dSkWY="
    },
    "tough-cookie": {
      "version": "4.0.0",
      "resolved": "https://ridgelineapps.jfrog.io/ridgelineapps/api/npm/ridgelineapps-npm-virtual/tough-cookie/-/tough-cookie-4.0.0.tgz",
      "integrity": "sha1-2CIjTuyogvmR8PkIgkrSYi3b7OQ=",
      "requires": {
        "psl": "^1.1.33",
        "punycode": "^2.1.1",
        "universalify": "^0.1.2"
      }
    },
    "tr46": {
      "version": "2.1.0",
      "resolved": "https://ridgelineapps.jfrog.io/ridgelineapps/api/npm/ridgelineapps-npm-virtual/tr46/-/tr46-2.1.0.tgz",
      "integrity": "sha1-+oeqgcpdWUHajL8fm3SdyWmk4kA=",
      "requires": {
        "punycode": "^2.1.1"
      }
    },
    "type-check": {
      "version": "0.3.2",
      "resolved": "https://ridgelineapps.jfrog.io/ridgelineapps/api/npm/ridgelineapps-npm-virtual/type-check/-/type-check-0.3.2.tgz",
      "integrity": "sha1-WITKtRLPHTVeP7eE8wgEsrUg23I=",
      "requires": {
        "prelude-ls": "~1.1.2"
      }
    },
    "universalify": {
      "version": "0.1.2",
      "resolved": "https://ridgelineapps.jfrog.io/ridgelineapps/api/npm/ridgelineapps-npm-virtual/universalify/-/universalify-0.1.2.tgz",
      "integrity": "sha1-tkb2m+OULavOzJ1mOcgNwQXvqmY="
    },
    "uuid": {
      "version": "8.3.2",
      "resolved": "https://ridgelineapps.jfrog.io/ridgelineapps/api/npm/ridgelineapps-npm-virtual/uuid/-/uuid-8.3.2.tgz",
      "integrity": "sha1-gNW1ztJxu5r2xEXyGhoExgbO++I="
    },
    "w3c-hr-time": {
      "version": "1.0.2",
      "resolved": "https://ridgelineapps.jfrog.io/ridgelineapps/api/npm/ridgelineapps-npm-virtual/w3c-hr-time/-/w3c-hr-time-1.0.2.tgz",
      "integrity": "sha1-ConN9cwVgi35w2BUNnaWPgzDCM0=",
      "requires": {
        "browser-process-hrtime": "^1.0.0"
      }
    },
    "w3c-xmlserializer": {
      "version": "2.0.0",
      "resolved": "https://ridgelineapps.jfrog.io/ridgelineapps/api/npm/ridgelineapps-npm-virtual/w3c-xmlserializer/-/w3c-xmlserializer-2.0.0.tgz",
      "integrity": "sha1-PnEEoFt1FGzGD1ZDgLf2g6zxAgo=",
      "requires": {
        "xml-name-validator": "^3.0.0"
      }
    },
    "webidl-conversions": {
      "version": "6.1.0",
      "resolved": "https://ridgelineapps.jfrog.io/ridgelineapps/api/npm/ridgelineapps-npm-virtual/webidl-conversions/-/webidl-conversions-6.1.0.tgz",
      "integrity": "sha1-kRG01+qArNQPUnDWZmIa+ni2lRQ="
    },
    "whatwg-encoding": {
      "version": "1.0.5",
      "resolved": "https://ridgelineapps.jfrog.io/ridgelineapps/api/npm/ridgelineapps-npm-virtual/whatwg-encoding/-/whatwg-encoding-1.0.5.tgz",
      "integrity": "sha1-WrrPd3wyFmpR0IXWtPPn0nET3bA=",
      "requires": {
        "iconv-lite": "0.4.24"
      }
    },
    "whatwg-mimetype": {
      "version": "2.3.0",
      "resolved": "https://ridgelineapps.jfrog.io/ridgelineapps/api/npm/ridgelineapps-npm-virtual/whatwg-mimetype/-/whatwg-mimetype-2.3.0.tgz",
      "integrity": "sha1-PUseAxLSB5h5+Cav8Y2+7KWWD78="
    },
    "whatwg-url": {
      "version": "8.5.0",
      "resolved": "https://ridgelineapps.jfrog.io/ridgelineapps/api/npm/ridgelineapps-npm-virtual/whatwg-url/-/whatwg-url-8.5.0.tgz",
      "integrity": "sha1-d1K4Rk/AkD/siaqYRvye/gc1H9M=",
      "requires": {
        "lodash": "^4.7.0",
        "tr46": "^2.0.2",
        "webidl-conversions": "^6.1.0"
      }
    },
    "which": {
      "version": "2.0.2",
      "resolved": "https://ridgelineapps.jfrog.io/ridgelineapps/api/npm/ridgelineapps-npm-virtual/which/-/which-2.0.2.tgz",
      "integrity": "sha1-fGqN0KY2oDJ+ELWckobu6T8/UbE=",
      "requires": {
        "isexe": "^2.0.0"
      }
    },
    "word-wrap": {
      "version": "1.2.3",
      "resolved": "https://ridgelineapps.jfrog.io/ridgelineapps/api/npm/ridgelineapps-npm-virtual/word-wrap/-/word-wrap-1.2.3.tgz",
      "integrity": "sha1-YQY29rH3A4kb00dxzLF/uTtHB5w="
    },
    "wrappy": {
      "version": "1.0.2",
      "resolved": "https://ridgelineapps.jfrog.io/ridgelineapps/api/npm/ridgelineapps-npm-virtual/wrappy/-/wrappy-1.0.2.tgz",
      "integrity": "sha1-tSQ9jz7BqjXxNkYFvA0QNuMKtp8="
    },
    "ws": {
      "version": "7.4.6",
      "resolved": "https://ridgelineapps.jfrog.io/ridgelineapps/api/npm/ridgelineapps-npm-virtual/ws/-/ws-7.4.6.tgz",
      "integrity": "sha1-VlTKjs3u5HwzqaS/bSjivimAN3w="
    },
    "xml-name-validator": {
      "version": "3.0.0",
      "resolved": "https://ridgelineapps.jfrog.io/ridgelineapps/api/npm/ridgelineapps-npm-virtual/xml-name-validator/-/xml-name-validator-3.0.0.tgz",
      "integrity": "sha1-auc+Bt5NjG5H+fsYH3jWSK1FfGo="
    },
    "xmlchars": {
      "version": "2.2.0",
      "resolved": "https://ridgelineapps.jfrog.io/ridgelineapps/api/npm/ridgelineapps-npm-virtual/xmlchars/-/xmlchars-2.2.0.tgz",
      "integrity": "sha1-Bg/hvLf5x2/ioX24apvDq4lCEMs="
    },
    "yallist": {
      "version": "4.0.0",
      "resolved": "https://ridgelineapps.jfrog.io/ridgelineapps/api/npm/ridgelineapps-npm-virtual/yallist/-/yallist-4.0.0.tgz",
      "integrity": "sha1-m7knkNnA7/7GO+c1GeEaNQGaOnI="
    }
  }
}
